
Microsoft Visual Studio Solution File, Format Version 12.00
# Visual Studio Version 17
VisualStudioVersion = 17.9.34607.119
MinimumVisualStudioVersion = 10.0.40219.1
Project("{FAE04EC0-301F-11D3-BF4B-00C04F79EFBC}") = "RumahSakitMitraSehat", "RumahSakitMitraSehat.csproj", "{D5EF61F4-C0D6-4A7A-AEAA-F4C2F3B2363B}"
EndProject
Global
	GlobalSection(SolutionConfigurationPlatforms) = preSolution
		Debug|Any CPU = Debug|Any CPU
		Release|Any CPU = Release|Any CPU
	EndGlobalSection
	GlobalSection(ProjectConfigurationPlatforms) = postSolution
		{D5EF61F4-C0D6-4A7A-AEAA-F4C2F3B2363B}.Debug|Any CPU.ActiveCfg = Debug|Any CPU
		{D5EF61F4-C0D6-4A7A-AEAA-F4C2F3B2363B}.Debug|Any CPU.Build.0 = Debug|Any CPU
		{D5EF61F4-C0D6-4A7A-AEAA-F4C2F3B2363B}.Release|Any CPU.ActiveCfg = Release|Any CPU
		{D5EF61F4-C0D6-4A7A-AEAA-F4C2F3B2363B}.Release|Any CPU.Build.0 = Release|Any CPU
	EndGlobalSection
	GlobalSection(SolutionProperties) = preSolution
		HideSolutionNode = FALSE
	EndGlobalSection
	GlobalSection(ExtensibilityGlobals) = postSolution
		SolutionGuid = {DE3CE254-F767-4089-A3F6-461E32C4804C}
	EndGlobalSection
EndGlobal
